// !$*UTF8*$!
{
	archiveVersion = 1;
	classes = {
	};
	objectVersion = 50;
	objects = {

/* Begin PBXBuildFile section */
		9E77938A219B78B0000133EB /* AppDelegate.m in Sources */ = {isa = PBXBuildFile; fileRef = 9E779389219B78B0000133EB /* AppDelegate.m */; };
		9E77938D219B78B0000133EB /* ViewController.m in Sources */ = {isa = PBXBuildFile; fileRef = 9E77938C219B78B0000133EB /* ViewController.m */; };
		9E779390219B78B0000133EB /* Main.storyboard in Resources */ = {isa = PBXBuildFile; fileRef = 9E77938E219B78B0000133EB /* Main.storyboard */; };
		9E779392219B78B4000133EB /* Assets.xcassets in Resources */ = {isa = PBXBuildFile; fileRef = 9E779391219B78B4000133EB /* Assets.xcassets */; };
		9E779395219B78B4000133EB /* LaunchScreen.storyboard in Resources */ = {isa = PBXBuildFile; fileRef = 9E779393219B78B4000133EB /* LaunchScreen.storyboard */; };
		9E779398219B78B4000133EB /* main.m in Sources */ = {isa = PBXBuildFile; fileRef = 9E779397219B78B4000133EB /* main.m */; };
		9E779481219B819A000133EB /* EOSIOS.framework in Frameworks */ = {isa = PBXBuildFile; fileRef = 9E77947D219B80F7000133EB /* EOSIOS.framework */; };
		9E779482219B819D000133EB /* EOSIOS.framework in Frameworks */ = {isa = PBXBuildFile; fileRef = 9E77947D219B80F7000133EB /* EOSIOS.framework */; };
		9E779483219B819D000133EB /* EOSIOS.framework in Embed Frameworks */ = {isa = PBXBuildFile; fileRef = 9E77947D219B80F7000133EB /* EOSIOS.framework */; settings = {ATTRIBUTES = (CodeSignOnCopy, RemoveHeadersOnCopy, ); }; };
/* End PBXBuildFile section */

/* Begin PBXCopyFilesBuildPhase section */
		9E779484219B819D000133EB /* Embed Frameworks */ = {
			isa = PBXCopyFilesBuildPhase;
			buildActionMask = 2147483647;
			dstPath = "";
			dstSubfolderSpec = 10;
			files = (
				9E779483219B819D000133EB /* EOSIOS.framework in Embed Frameworks */,
			);
			name = "Embed Frameworks";
			runOnlyForDeploymentPostprocessing = 0;
		};
/* End PBXCopyFilesBuildPhase section */

/* Begin PBXFileReference section */
		9E779385219B78B0000133EB /* EOSIOSSample.app */ = {isa = PBXFileReference; explicitFileType = wrapper.application; includeInIndex = 0; path = EOSIOSSample.app; sourceTree = BUILT_PRODUCTS_DIR; };
		9E779388219B78B0000133EB /* AppDelegate.h */ = {isa = PBXFileReference; lastKnownFileType = sourcecode.c.h; path = AppDelegate.h; sourceTree = "<group>"; };
		9E779389219B78B0000133EB /* AppDelegate.m */ = {isa = PBXFileReference; lastKnownFileType = sourcecode.c.objc; path = AppDelegate.m; sourceTree = "<group>"; };
		9E77938B219B78B0000133EB /* ViewController.h */ = {isa = PBXFileReference; lastKnownFileType = sourcecode.c.h; path = ViewController.h; sourceTree = "<group>"; };
		9E77938C219B78B0000133EB /* ViewController.m */ = {isa = PBXFileReference; lastKnownFileType = sourcecode.c.objc; path = ViewController.m; sourceTree = "<group>"; };
		9E77938F219B78B0000133EB /* Base */ = {isa = PBXFileReference; lastKnownFileType = file.storyboard; name = Base; path = Base.lproj/Main.storyboard; sourceTree = "<group>"; };
		9E779391219B78B4000133EB /* Assets.xcassets */ = {isa = PBXFileReference; lastKnownFileType = folder.assetcatalog; path = Assets.xcassets; sourceTree = "<group>"; };
		9E779394219B78B4000133EB /* Base */ = {isa = PBXFileReference; lastKnownFileType = file.storyboard; name = Base; path = Base.lproj/LaunchScreen.storyboard; sourceTree = "<group>"; };
		9E779396219B78B4000133EB /* Info.plist */ = {isa = PBXFileReference; lastKnownFileType = text.plist.xml; path = Info.plist; sourceTree = "<group>"; };
		9E779397219B78B4000133EB /* main.m */ = {isa = PBXFileReference; lastKnownFileType = sourcecode.c.objc; path = main.m; sourceTree = "<group>"; };
		9E77947D219B80F7000133EB /* EOSIOS.framework */ = {isa = PBXFileReference; lastKnownFileType = wrapper.framework; path = EOSIOS.framework; sourceTree = "<group>"; };
/* End PBXFileReference section */

/* Begin PBXFrameworksBuildPhase section */
		9E779382219B78B0000133EB /* Frameworks */ = {
			isa = PBXFrameworksBuildPhase;
			buildActionMask = 2147483647;
			files = (
				9E779482219B819D000133EB /* EOSIOS.framework in Frameworks */,
				9E779481219B819A000133EB /* EOSIOS.framework in Frameworks */,
			);
			runOnlyForDeploymentPostprocessing = 0;
		};
/* End PBXFrameworksBuildPhase section */

/* Begin PBXGroup section */
		9E77937C219B78B0000133EB = {
			isa = PBXGroup;
			children = (
				9E779387219B78B0000133EB /* EOSIOSSample */,
				9E779386219B78B0000133EB /* Products */,
				9E7793C1219B7DBD000133EB /* Frameworks */,
			);
			sourceTree = "<group>";
		};
		9E779386219B78B0000133EB /* Products */ = {
			isa = PBXGroup;
			children = (
				9E779385219B78B0000133EB /* EOSIOSSample.app */,
			);
			name = Products;
			sourceTree = "<group>";
		};
		9E779387219B78B0000133EB /* EOSIOSSample */ = {
			isa = PBXGroup;
			children = (
				9E779388219B78B0000133EB /* AppDelegate.h */,
				9E779389219B78B0000133EB /* AppDelegate.m */,
				9E77938B219B78B0000133EB /* ViewController.h */,
				9E77938C219B78B0000133EB /* ViewController.m */,
				9E77938E219B78B0000133EB /* Main.storyboard */,
				9E779391219B78B4000133EB /* Assets.xcassets */,
				9E779393219B78B4000133EB /* LaunchScreen.storyboard */,
				9E779396219B78B4000133EB /* Info.plist */,
				9E779397219B78B4000133EB /* main.m */,
			);
			path = EOSIOSSample;
			sourceTree = "<group>";
		};
		9E7793C1219B7DBD000133EB /* Frameworks */ = {
			isa = PBXGroup;
			children = (
				9E77947D219B80F7000133EB /* EOSIOS.framework */,
			);
			name = Frameworks;
			sourceTree = "<group>";
		};
/* End PBXGroup section */

/* Begin PBXNativeTarget section */
		9E779384219B78B0000133EB /* EOSIOSSample */ = {
			isa = PBXNativeTarget;
			buildConfigurationList = 9E7793B1219B78B4000133EB /* Build configuration list for PBXNativeTarget "EOSIOSSample" */;
			buildPhases = (
				9E779381219B78B0000133EB /* Sources */,
				9E779382219B78B0000133EB /* Frameworks */,
				9E779383219B78B0000133EB /* Resources */,
				9E779484219B819D000133EB /* Embed Frameworks */,
			);
			buildRules = (
			);
			dependencies = (
			);
			name = EOSIOSSample;
			productName = EOSIOSSample;
			productReference = 9E779385219B78B0000133EB /* EOSIOSSample.app */;
			productType = "com.apple.product-type.application";
		};
/* End PBXNativeTarget section */

/* Begin PBXProject section */
		9E77937D219B78B0000133EB /* Project object */ = {
			isa = PBXProject;
			attributes = {
				LastUpgradeCheck = 1000;
				ORGANIZATIONNAME = Prarysoft;
				TargetAttributes = {
					9E779384219B78B0000133EB = {
						CreatedOnToolsVersion = 10.0;
					};
				};
			};
			buildConfigurationList = 9E779380219B78B0000133EB /* Build configuration list for PBXProject "EOSIOSSample" */;
			compatibilityVersion = "Xcode 9.3";
			developmentRegion = en;
			hasScannedForEncodings = 0;
			knownRegions = (
				en,
				Base,
			);
			mainGroup = 9E77937C219B78B0000133EB;
			productRefGroup = 9E779386219B78B0000133EB /* Products */;
			projectDirPath = "";
			projectRoot = "";
			targets = (
				9E779384219B78B0000133EB /* EOSIOSSample */,
			);
		};
/* End PBXProject section */

/* Begin PBXResourcesBuildPhase section */
		9E779383219B78B0000133EB /* Resources */ = {
			isa = PBXResourcesBuildPhase;
			buildActionMask = 2147483647;
			files = (
				9E779395219B78B4000133EB /* LaunchScreen.storyboard in Resources */,
				9E779392219B78B4000133EB /* Assets.xcassets in Resources */,
				9E779390219B78B0000133EB /* Main.storyboard in Resources */,
			);
			runOnlyForDeploymentPostprocessing = 0;
		};
/* End PBXResourcesBuildPhase section */

/* Begin PBXSourcesBuildPhase section */
		9E779381219B78B0000133EB /* Sources */ = {
			isa = PBXSourcesBuildPhase;
			buildActionMask = 2147483647;
			files = (
				9E77938D219B78B0000133EB /* ViewController.m in Sources */,
				9E779398219B78B4000133EB /* main.m in Sources */,
				9E77938A219B78B0000133EB /* AppDelegate.m in Sources */,
			);
			runOnlyForDeploymentPostprocessing = 0;
		};
/* End PBXSourcesBuildPhase section */

/* Begin PBXVariantGroup section */
		9E77938E219B78B0000133EB /* Main.storyboard */ = {
			isa = PBXVariantGroup;
			children = (
				9E77938F219B78B0000133EB /* Base */,
			);
			name = Main.storyboard;
			sourceTree = "<group>";
		};
		9E779393219B78B4000133EB /* LaunchScreen.storyboard */ = {
			isa = PBXVariantGroup;
			children = (
				9E779394219B78B4000133EB /* Base */,
			);
			name = LaunchScreen.storyboard;
			sourceTree = "<group>";
		};
/* End PBXVariantGroup section */

/* Begin XCBuildConfiguration section */
		9E7793AF219B78B4000133EB /* Debug */ = {
			isa = XCBuildConfiguration;
			buildSettings = {
				ALWAYS_SEARCH_USER_PATHS = NO;
				CLANG_ANALYZER_NONNULL = YES;
				CLANG_ANALYZER_NUMBER_OBJECT_CONVERSION = YES_AGGRESSIVE;
				CLANG_CXX_LANGUAGE_STANDARD = "gnu++14";
				CLANG_CXX_LIBRARY = "libc++";
				CLANG_ENABLE_MODULES = YES;
				CLANG_ENABLE_OBJC_ARC = YES;
				CLANG_ENABLE_OBJC_WEAK = YES;
				CLANG_WARN_BLOCK_CAPTURE_AUTORELEASING = YES;
				CLANG_WARN_BOOL_CONVERSION = YES;
				CLANG_WARN_COMMA = YES;
				CLANG_WARN_CONSTANT_CONVERSION = YES;
				CLANG_WARN_DEPRECATED_OBJC_IMPLEMENTATIONS = YES;
				CLANG_WARN_DIRECT_OBJC_ISA_USAGE = YES_ERROR;
				CLANG_WARN_DOCUMENTATION_COMMENTS = YES;
				CLANG_WARN_EMPTY_BODY = YES;
				CLANG_WARN_ENUM_CONVERSION = YES;
				CLANG_WARN_INFINITE_RECURSION = YES;
				CLANG_WARN_INT_CONVERSION = YES;
				CLANG_WARN_NON_LITERAL_NULL_CONVERSION = YES;
				CLANG_WARN_OBJC_IMPLICIT_RETAIN_SELF = YES;
				CLANG_WARN_OBJC_LITERAL_CONVERSION = YES;
				CLANG_WARN_OBJC_ROOT_CLASS = YES_ERROR;
				CLANG_WARN_RANGE_LOOP_ANALYSIS = YES;
				CLANG_WARN_STRICT_PROTOTYPES = YES;
				CLANG_WARN_SUSPICIOUS_MOVE = YES;
				CLANG_WARN_UNGUARDED_AVAILABILITY = YES_AGGRESSIVE;
				CLANG_WARN_UNREACHABLE_CODE = YES;
				CLANG_WARN__DUPLICATE_METHOD_MATCH = YES;
				CODE_SIGN_IDENTITY = "iPhone Developer";
				COPY_PHASE_STRIP = NO;
				DEBUG_INFORMATION_FORMAT = dwarf;
				ENABLE_STRICT_OBJC_MSGSEND = YES;
				ENABLE_TESTABILITY = YES;
				GCC_C_LANGUAGE_STANDARD = gnu11;
				GCC_DYNAMIC_NO_PIC = NO;
				GCC_NO_COMMON_BLOCKS = YES;
				GCC_OPTIMIZATION_LEVEL = 0;
				GCC_PREPROCESSOR_DEFINITIONS = (
					"DEBUG=1",
					"$(inherited)",
				);
				GCC_WARN_64_TO_32_BIT_CONVERSION = YES;
				GCC_WARN_ABOUT_RETURN_TYPE = YES_ERROR;
				GCC_WARN_UNDECLARED_SELECTOR = YES;
				GCC_WARN_UNINITIALIZED_AUTOS = YES_AGGRESSIVE;
				GCC_WARN_UNUSED_FUNCTION = YES;
				GCC_WARN_UNUSED_VARIABLE = YES;
				IPHONEOS_DEPLOYMENT_TARGET = 12.0;
				MTL_ENABLE_DEBUG_INFO = INCLUDE_SOURCE;
				MTL_FAST_MATH = YES;
				ONLY_ACTIVE_ARCH = YES;
				SDKROOT = iphoneos;
			};
			name = Debug;
		};
		9E7793B0219B78B4000133EB /* Release */ = {
			isa = XCBuildConfiguration;
			buildSettings = {
				ALWAYS_SEARCH_USER_PATHS = NO;
				CLANG_ANALYZER_NONNULL = YES;
				CLANG_ANALYZER_NUMBER_OBJECT_CONVERSION = YES_AGGRESSIVE;
				CLANG_CXX_LANGUAGE_STANDARD = "gnu++14";
				CLANG_CXX_LIBRARY = "libc++";
				CLANG_ENABLE_MODULES = YES;
				CLANG_ENABLE_OBJC_ARC = YES;
				CLANG_ENABLE_OBJC_WEAK = YES;
				CLANG_WARN_BLOCK_CAPTURE_AUTORELEASING = YES;
				CLANG_WARN_BOOL_CONVERSION = YES;
				CLANG_WARN_COMMA = YES;
				CLANG_WARN_CONSTANT_CONVERSION = YES;
				CLANG_WARN_DEPRECATED_OBJC_IMPLEMENTATIONS = YES;
				CLANG_WARN_DIRECT_OBJC_ISA_USAGE = YES_ERROR;
				CLANG_WARN_DOCUMENTATION_COMMENTS = YES;
				CLANG_WARN_EMPTY_BODY = YES;
				CLANG_WARN_ENUM_CONVERSION = YES;
				CLANG_WARN_INFINITE_RECURSION = YES;
				CLANG_WARN_INT_CONVERSION = YES;
				CLANG_WARN_NON_LITERAL_NULL_CONVERSION = YES;
				CLANG_WARN_OBJC_IMPLICIT_RETAIN_SELF = YES;
				CLANG_WARN_OBJC_LITERAL_CONVERSION = YES;
				CLANG_WARN_OBJC_ROOT_CLASS = YES_ERROR;
				CLANG_WARN_RANGE_LOOP_ANALYSIS = YES;
				CLANG_WARN_STRICT_PROTOTYPES = YES;
				CLANG_WARN_SUSPICIOUS_MOVE = YES;
				CLANG_WARN_UNGUARDED_AVAILABILITY = YES_AGGRESSIVE;
				CLANG_WARN_UNREACHABLE_CODE = YES;
				CLANG_WARN__DUPLICATE_METHOD_MATCH = YES;
				CODE_SIGN_IDENTITY = "iPhone Developer";
				COPY_PHASE_STRIP = NO;
				DEBUG_INFORMATION_FORMAT = "dwarf-with-dsym";
				ENABLE_NS_ASSERTIONS = NO;
				ENABLE_STRICT_OBJC_MSGSEND = YES;
				GCC_C_LANGUAGE_STANDARD = gnu11;
				GCC_NO_COMMON_BLOCKS = YES;
				GCC_WARN_64_TO_32_BIT_CONVERSION = YES;
				GCC_WARN_ABOUT_RETURN_TYPE = YES_ERROR;
				GCC_WARN_UNDECLARED_SELECTOR = YES;
				GCC_WARN_UNINITIALIZED_AUTOS = YES_AGGRESSIVE;
				GCC_WARN_UNUSED_FUNCTION = YES;
				GCC_WARN_UNUSED_VARIABLE = YES;
				IPHONEOS_DEPLOYMENT_TARGET = 12.0;
				MTL_ENABLE_DEBUG_INFO = NO;
				MTL_FAST_MATH = YES;
				SDKROOT = iphoneos;
				VALIDATE_PRODUCT = YES;
			};
			name = Release;
		};
		9E7793B2219B78B4000133EB /* Debug */ = {
			isa = XCBuildConfiguration;
			buildSettings = {
				ASSETCATALOG_COMPILER_APPICON_NAME = AppIcon;
				CODE_SIGN_STYLE = Automatic;
				DEVELOPMENT_TEAM = GSC94DJS5Q;
				FRAMEWORK_SEARCH_PATHS = (
					"$(inherited)",
					"$(PROJECT_DIR)",
					"$(PROJECT_DIR)/**",
				);
				INFOPLIST_FILE = EOSIOSSample/Info.plist;
				LD_RUNPATH_SEARCH_PATHS = (
					"$(inherited)",
					"@executable_path/Frameworks",
				);
				LIBRARY_SEARCH_PATHS = "$(PROJECT_DIR)";
				PRODUCT_BUNDLE_IDENTIFIER = com.prarysoft.EOSIOSSample;
				PRODUCT_NAME = "$(TARGET_NAME)";
				TARGETED_DEVICE_FAMILY = "1,2";
			};
			name = Debug;
		};
		9E7793B3219B78B4000133EB /* Release */ = {
			isa = XCBuildConfiguration;
			buildSettings = {
				ASSETCATALOG_COMPILER_APPICON_NAME = AppIcon;
				CODE_SIGN_STYLE = Automatic;
				DEVELOPMENT_TEAM = GSC94DJS5Q;
				FRAMEWORK_SEARCH_PATHS = (
					"$(inherited)",
					"$(PROJECT_DIR)",
					"$(PROJECT_DIR)/**",
				);
				INFOPLIST_FILE = EOSIOSSample/Info.plist;
				LD_RUNPATH_SEARCH_PATHS = (
					"$(inherited)",
					"@executable_path/Frameworks",
				);
				LIBRARY_SEARCH_PATHS = "$(PROJECT_DIR)";
				PRODUCT_BUNDLE_IDENTIFIER = com.prarysoft.EOSIOSSample;
				PRODUCT_NAME = "$(TARGET_NAME)";
				TARGETED_DEVICE_FAMILY = "1,2";
			};
			name = Release;
		};
/* End XCBuildConfiguration section */

/* Begin XCConfigurationList section */
		9E779380219B78B0000133EB /* Build configuration list for PBXProject "EOSIOSSample" */ = {
			isa = XCConfigurationList;
			buildConfigurations = (
				9E7793AF219B78B4000133EB /* Debug */,
				9E7793B0219B78B4000133EB /* Release */,
			);
			defaultConfigurationIsVisible = 0;
			defaultConfigurationName = Release;
		};
		9E7793B1219B78B4000133EB /* Build configuration list for PBXNativeTarget "EOSIOSSample" */ = {
			isa = XCConfigurationList;
			buildConfigurations = (
				9E7793B2219B78B4000133EB /* Debug */,
				9E7793B3219B78B4000133EB /* Release */,
			);
			defaultConfigurationIsVisible = 0;
			defaultConfigurationName = Release;
		};
/* End XCConfigurationList section */
	};
	rootObject = 9E77937D219B78B0000133EB /* Project object */;
}
